
Microsoft Visual Studio Solution File, Format Version 12.00
# Visual Studio Version 16
VisualStudioVersion = 16.0.30225.117
MinimumVisualStudioVersion = 10.0.40219.1
Project("{FAE04EC0-301F-11D3-BF4B-00C04F79EFBC}") = "CMS", "CMS\CMS.csproj", "{5F0B5D28-9256-4EBD-9210-D4A9A5A81561}"
EndProject
Project("{FAE04EC0-301F-11D3-BF4B-00C04F79EFBC}") = "CMS.Broker", "CMS.Broker\CMS.Broker.csproj", "{0C1F5F83-5544-4691-961E-F10D0BEA92FE}"
EndProject
Project("{FAE04EC0-301F-11D3-BF4B-00C04F79EFBC}") = "CMS.Consumer", "CMS.Consumer\CMS.Consumer.csproj", "{9AA0987C-117C-44F0-8E58-1789B31C84F9}"
EndProject
Project("{FAE04EC0-301F-11D3-BF4B-00C04F79EFBC}") = "CMS.RabbitMQ.Common", "CMS.RabbitMQ.Common\CMS.RabbitMQ.Common.csproj", "{D3C5D27E-71B9-4560-ABD1-D2FC37C9C6A5}"
EndProject
Global
	GlobalSection(SolutionConfigurationPlatforms) = preSolution
		Debug|Any CPU = Debug|Any CPU
		Release|Any CPU = Release|Any CPU
	EndGlobalSection
	GlobalSection(ProjectConfigurationPlatforms) = postSolution
		{5F0B5D28-9256-4EBD-9210-D4A9A5A81561}.Debug|Any CPU.ActiveCfg = Debug|Any CPU
		{5F0B5D28-9256-4EBD-9210-D4A9A5A81561}.Debug|Any CPU.Build.0 = Debug|Any CPU
		{5F0B5D28-9256-4EBD-9210-D4A9A5A81561}.Release|Any CPU.ActiveCfg = Release|Any CPU
		{5F0B5D28-9256-4EBD-9210-D4A9A5A81561}.Release|Any CPU.Build.0 = Release|Any CPU
		{0C1F5F83-5544-4691-961E-F10D0BEA92FE}.Debug|Any CPU.ActiveCfg = Debug|Any CPU
		{0C1F5F83-5544-4691-961E-F10D0BEA92FE}.Debug|Any CPU.Build.0 = Debug|Any CPU
		{0C1F5F83-5544-4691-961E-F10D0BEA92FE}.Release|Any CPU.ActiveCfg = Release|Any CPU
		{0C1F5F83-5544-4691-961E-F10D0BEA92FE}.Release|Any CPU.Build.0 = Release|Any CPU
		{9AA0987C-117C-44F0-8E58-1789B31C84F9}.Debug|Any CPU.ActiveCfg = Debug|Any CPU
		{9AA0987C-117C-44F0-8E58-1789B31C84F9}.Debug|Any CPU.Build.0 = Debug|Any CPU
		{9AA0987C-117C-44F0-8E58-1789B31C84F9}.Release|Any CPU.ActiveCfg = Release|Any CPU
		{9AA0987C-117C-44F0-8E58-1789B31C84F9}.Release|Any CPU.Build.0 = Release|Any CPU
		{D3C5D27E-71B9-4560-ABD1-D2FC37C9C6A5}.Debug|Any CPU.ActiveCfg = Debug|Any CPU
		{D3C5D27E-71B9-4560-ABD1-D2FC37C9C6A5}.Debug|Any CPU.Build.0 = Debug|Any CPU
		{D3C5D27E-71B9-4560-ABD1-D2FC37C9C6A5}.Release|Any CPU.ActiveCfg = Release|Any CPU
		{D3C5D27E-71B9-4560-ABD1-D2FC37C9C6A5}.Release|Any CPU.Build.0 = Release|Any CPU
	EndGlobalSection
	GlobalSection(SolutionProperties) = preSolution
		HideSolutionNode = FALSE
	EndGlobalSection
	GlobalSection(ExtensibilityGlobals) = postSolution
		SolutionGuid = {4E988B35-32E2-4DB9-BBA7-419F3E9AE024}
	EndGlobalSection
EndGlobal
